
Microsoft Visual Studio Solution File, Format Version 12.00
# Visual Studio 15
VisualStudioVersion = 15.0.27130.2027
MinimumVisualStudioVersion = 10.0.40219.1
Project("{FAE04EC0-301F-11D3-BF4B-00C04F79EFBC}") = "CopyCtorCommand", "CopyCtorCommand\CopyCtorCommand.csproj", "{AD3DB9A3-623F-4FB2-BE64-5670499B726E}"
EndProject
Project("{FAE04EC0-301F-11D3-BF4B-00C04F79EFBC}") = "StringLiteralOffsetAdornment", "StringLiteralOffsetAdornment\StringLiteralOffsetAdornment.csproj", "{5D81A56E-FA93-4E08-B788-F4D052B0E501}"
EndProject
Global
	GlobalSection(SolutionConfigurationPlatforms) = preSolution
		Debug|Any CPU = Debug|Any CPU
		Release|Any CPU = Release|Any CPU
	EndGlobalSection
	GlobalSection(ProjectConfigurationPlatforms) = postSolution
		{AD3DB9A3-623F-4FB2-BE64-5670499B726E}.Debug|Any CPU.ActiveCfg = Debug|Any CPU
		{AD3DB9A3-623F-4FB2-BE64-5670499B726E}.Debug|Any CPU.Build.0 = Debug|Any CPU
		{AD3DB9A3-623F-4FB2-BE64-5670499B726E}.Release|Any CPU.ActiveCfg = Release|Any CPU
		{AD3DB9A3-623F-4FB2-BE64-5670499B726E}.Release|Any CPU.Build.0 = Release|Any CPU
		{5D81A56E-FA93-4E08-B788-F4D052B0E501}.Debug|Any CPU.ActiveCfg = Debug|Any CPU
		{5D81A56E-FA93-4E08-B788-F4D052B0E501}.Debug|Any CPU.Build.0 = Debug|Any CPU
		{5D81A56E-FA93-4E08-B788-F4D052B0E501}.Release|Any CPU.ActiveCfg = Release|Any CPU
		{5D81A56E-FA93-4E08-B788-F4D052B0E501}.Release|Any CPU.Build.0 = Release|Any CPU
	EndGlobalSection
	GlobalSection(SolutionProperties) = preSolution
		HideSolutionNode = FALSE
	EndGlobalSection
	GlobalSection(ExtensibilityGlobals) = postSolution
		SolutionGuid = {11096BCF-57CB-4EA7-9D03-DE9EA3A251BA}
	EndGlobalSection
EndGlobal
